// !$*UTF8*$!
{
	archiveVersion = 1;
	classes = {
	};
	objectVersion = 50;
	objects = {

/* Begin PBXBuildFile section */
		780C1BC226B29A5E00EF429B /* DemoViewController.m in Sources */ = {isa = PBXBuildFile; fileRef = 780C1BC126B29A5E00EF429B /* DemoViewController.m */; };
		780C1BC626B29A6C00EF429B /* NSObject+demoKVO.m in Sources */ = {isa = PBXBuildFile; fileRef = 780C1BC526B29A6C00EF429B /* NSObject+demoKVO.m */; };
		787411CC26B1054F00E14ED7 /* AppDelegate.m in Sources */ = {isa = PBXBuildFile; fileRef = 787411CB26B1054F00E14ED7 /* AppDelegate.m */; };
		787411CF26B1054F00E14ED7 /* SceneDelegate.m in Sources */ = {isa = PBXBuildFile; fileRef = 787411CE26B1054F00E14ED7 /* SceneDelegate.m */; };
		787411D226B1054F00E14ED7 /* ViewController.m in Sources */ = {isa = PBXBuildFile; fileRef = 787411D126B1054F00E14ED7 /* ViewController.m */; };
		787411D526B1055000E14ED7 /* Main.storyboard in Resources */ = {isa = PBXBuildFile; fileRef = 787411D326B1055000E14ED7 /* Main.storyboard */; };
		787411D726B1055000E14ED7 /* Assets.xcassets in Resources */ = {isa = PBXBuildFile; fileRef = 787411D626B1055000E14ED7 /* Assets.xcassets */; };
		787411DA26B1055000E14ED7 /* LaunchScreen.storyboard in Resources */ = {isa = PBXBuildFile; fileRef = 787411D826B1055000E14ED7 /* LaunchScreen.storyboard */; };
		787411DD26B1055000E14ED7 /* main.m in Sources */ = {isa = PBXBuildFile; fileRef = 787411DC26B1055000E14ED7 /* main.m */; };
		787411E626B1056900E14ED7 /* NSObject+ijfKVO.m in Sources */ = {isa = PBXBuildFile; fileRef = 787411E526B1056900E14ED7 /* NSObject+ijfKVO.m */; };
		787411EA26B1058D00E14ED7 /* SysKVOViewController.m in Sources */ = {isa = PBXBuildFile; fileRef = 787411E926B1058D00E14ED7 /* SysKVOViewController.m */; };
		787411EE26B1059500E14ED7 /* CustomKVOViewController.m in Sources */ = {isa = PBXBuildFile; fileRef = 787411ED26B1059500E14ED7 /* CustomKVOViewController.m */; };
		787411F226B1064700E14ED7 /* Person.m in Sources */ = {isa = PBXBuildFile; fileRef = 787411F126B1064700E14ED7 /* Person.m */; };
		787411F626B1096100E14ED7 /* PersonManager.m in Sources */ = {isa = PBXBuildFile; fileRef = 787411F526B1096000E14ED7 /* PersonManager.m */; };
/* End PBXBuildFile section */

/* Begin PBXFileReference section */
		780C1BC026B29A5E00EF429B /* DemoViewController.h */ = {isa = PBXFileReference; lastKnownFileType = sourcecode.c.h; path = DemoViewController.h; sourceTree = "<group>"; };
		780C1BC126B29A5E00EF429B /* DemoViewController.m */ = {isa = PBXFileReference; lastKnownFileType = sourcecode.c.objc; path = DemoViewController.m; sourceTree = "<group>"; };
		780C1BC426B29A6C00EF429B /* NSObject+demoKVO.h */ = {isa = PBXFileReference; lastKnownFileType = sourcecode.c.h; path = "NSObject+demoKVO.h"; sourceTree = "<group>"; };
		780C1BC526B29A6C00EF429B /* NSObject+demoKVO.m */ = {isa = PBXFileReference; lastKnownFileType = sourcecode.c.objc; path = "NSObject+demoKVO.m"; sourceTree = "<group>"; };
		787411C726B1054F00E14ED7 /* KVODemo.app */ = {isa = PBXFileReference; explicitFileType = wrapper.application; includeInIndex = 0; path = KVODemo.app; sourceTree = BUILT_PRODUCTS_DIR; };
		787411CA26B1054F00E14ED7 /* AppDelegate.h */ = {isa = PBXFileReference; lastKnownFileType = sourcecode.c.h; path = AppDelegate.h; sourceTree = "<group>"; };
		787411CB26B1054F00E14ED7 /* AppDelegate.m */ = {isa = PBXFileReference; lastKnownFileType = sourcecode.c.objc; path = AppDelegate.m; sourceTree = "<group>"; };
		787411CD26B1054F00E14ED7 /* SceneDelegate.h */ = {isa = PBXFileReference; lastKnownFileType = sourcecode.c.h; path = SceneDelegate.h; sourceTree = "<group>"; };
		787411CE26B1054F00E14ED7 /* SceneDelegate.m */ = {isa = PBXFileReference; lastKnownFileType = sourcecode.c.objc; path = SceneDelegate.m; sourceTree = "<group>"; };
		787411D026B1054F00E14ED7 /* ViewController.h */ = {isa = PBXFileReference; lastKnownFileType = sourcecode.c.h; path = ViewController.h; sourceTree = "<group>"; };
		787411D126B1054F00E14ED7 /* ViewController.m */ = {isa = PBXFileReference; lastKnownFileType = sourcecode.c.objc; path = ViewController.m; sourceTree = "<group>"; };
		787411D426B1055000E14ED7 /* Base */ = {isa = PBXFileReference; lastKnownFileType = file.storyboard; name = Base; path = Base.lproj/Main.storyboard; sourceTree = "<group>"; };
		787411D626B1055000E14ED7 /* Assets.xcassets */ = {isa = PBXFileReference; lastKnownFileType = folder.assetcatalog; path = Assets.xcassets; sourceTree = "<group>"; };
		787411D926B1055000E14ED7 /* Base */ = {isa = PBXFileReference; lastKnownFileType = file.storyboard; name = Base; path = Base.lproj/LaunchScreen.storyboard; sourceTree = "<group>"; };
		787411DB26B1055000E14ED7 /* Info.plist */ = {isa = PBXFileReference; lastKnownFileType = text.plist.xml; path = Info.plist; sourceTree = "<group>"; };
		787411DC26B1055000E14ED7 /* main.m */ = {isa = PBXFileReference; lastKnownFileType = sourcecode.c.objc; path = main.m; sourceTree = "<group>"; };
		787411E426B1056900E14ED7 /* NSObject+ijfKVO.h */ = {isa = PBXFileReference; fileEncoding = 4; lastKnownFileType = sourcecode.c.h; path = "NSObject+ijfKVO.h"; sourceTree = "<group>"; };
		787411E526B1056900E14ED7 /* NSObject+ijfKVO.m */ = {isa = PBXFileReference; fileEncoding = 4; lastKnownFileType = sourcecode.c.objc; path = "NSObject+ijfKVO.m"; sourceTree = "<group>"; };
		787411E826B1058D00E14ED7 /* SysKVOViewController.h */ = {isa = PBXFileReference; lastKnownFileType = sourcecode.c.h; path = SysKVOViewController.h; sourceTree = "<group>"; };
		787411E926B1058D00E14ED7 /* SysKVOViewController.m */ = {isa = PBXFileReference; lastKnownFileType = sourcecode.c.objc; path = SysKVOViewController.m; sourceTree = "<group>"; };
		787411EC26B1059500E14ED7 /* CustomKVOViewController.h */ = {isa = PBXFileReference; lastKnownFileType = sourcecode.c.h; path = CustomKVOViewController.h; sourceTree = "<group>"; };
		787411ED26B1059500E14ED7 /* CustomKVOViewController.m */ = {isa = PBXFileReference; lastKnownFileType = sourcecode.c.objc; path = CustomKVOViewController.m; sourceTree = "<group>"; };
		787411F026B1064700E14ED7 /* Person.h */ = {isa = PBXFileReference; lastKnownFileType = sourcecode.c.h; path = Person.h; sourceTree = "<group>"; };
		787411F126B1064700E14ED7 /* Person.m */ = {isa = PBXFileReference; lastKnownFileType = sourcecode.c.objc; path = Person.m; sourceTree = "<group>"; };
		787411F426B1096000E14ED7 /* PersonManager.h */ = {isa = PBXFileReference; lastKnownFileType = sourcecode.c.h; path = PersonManager.h; sourceTree = "<group>"; };
		787411F526B1096000E14ED7 /* PersonManager.m */ = {isa = PBXFileReference; lastKnownFileType = sourcecode.c.objc; path = PersonManager.m; sourceTree = "<group>"; };
/* End PBXFileReference section */

/* Begin PBXFrameworksBuildPhase section */
		787411C426B1054F00E14ED7 /* Frameworks */ = {
			isa = PBXFrameworksBuildPhase;
			buildActionMask = 2147483647;
			files = (
			);
			runOnlyForDeploymentPostprocessing = 0;
		};
/* End PBXFrameworksBuildPhase section */

/* Begin PBXGroup section */
		787411BE26B1054F00E14ED7 = {
			isa = PBXGroup;
			children = (
				787411C926B1054F00E14ED7 /* KVODemo */,
				787411C826B1054F00E14ED7 /* Products */,
			);
			sourceTree = "<group>";
		};
		787411C826B1054F00E14ED7 /* Products */ = {
			isa = PBXGroup;
			children = (
				787411C726B1054F00E14ED7 /* KVODemo.app */,
			);
			name = Products;
			sourceTree = "<group>";
		};
		787411C926B1054F00E14ED7 /* KVODemo */ = {
			isa = PBXGroup;
			children = (
				787411CA26B1054F00E14ED7 /* AppDelegate.h */,
				787411CB26B1054F00E14ED7 /* AppDelegate.m */,
				787411CD26B1054F00E14ED7 /* SceneDelegate.h */,
				787411CE26B1054F00E14ED7 /* SceneDelegate.m */,
				787411E426B1056900E14ED7 /* NSObject+ijfKVO.h */,
				787411E526B1056900E14ED7 /* NSObject+ijfKVO.m */,
				787411E826B1058D00E14ED7 /* SysKVOViewController.h */,
				787411E926B1058D00E14ED7 /* SysKVOViewController.m */,
				787411EC26B1059500E14ED7 /* CustomKVOViewController.h */,
				787411ED26B1059500E14ED7 /* CustomKVOViewController.m */,
				780C1BC026B29A5E00EF429B /* DemoViewController.h */,
				780C1BC126B29A5E00EF429B /* DemoViewController.m */,
				780C1BC426B29A6C00EF429B /* NSObject+demoKVO.h */,
				780C1BC526B29A6C00EF429B /* NSObject+demoKVO.m */,
				787411D026B1054F00E14ED7 /* ViewController.h */,
				787411D126B1054F00E14ED7 /* ViewController.m */,
				787411F026B1064700E14ED7 /* Person.h */,
				787411F126B1064700E14ED7 /* Person.m */,
				787411F426B1096000E14ED7 /* PersonManager.h */,
				787411F526B1096000E14ED7 /* PersonManager.m */,
				787411D326B1055000E14ED7 /* Main.storyboard */,
				787411D626B1055000E14ED7 /* Assets.xcassets */,
				787411D826B1055000E14ED7 /* LaunchScreen.storyboard */,
				787411DB26B1055000E14ED7 /* Info.plist */,
				787411DC26B1055000E14ED7 /* main.m */,
			);
			path = KVODemo;
			sourceTree = "<group>";
		};
/* End PBXGroup section */

/* Begin PBXNativeTarget section */
		787411C626B1054F00E14ED7 /* KVODemo */ = {
			isa = PBXNativeTarget;
			buildConfigurationList = 787411E026B1055000E14ED7 /* Build configuration list for PBXNativeTarget "KVODemo" */;
			buildPhases = (
				787411C326B1054F00E14ED7 /* Sources */,
				787411C426B1054F00E14ED7 /* Frameworks */,
				787411C526B1054F00E14ED7 /* Resources */,
			);
			buildRules = (
			);
			dependencies = (
			);
			name = KVODemo;
			productName = KVODemo;
			productReference = 787411C726B1054F00E14ED7 /* KVODemo.app */;
			productType = "com.apple.product-type.application";
		};
/* End PBXNativeTarget section */

/* Begin PBXProject section */
		787411BF26B1054F00E14ED7 /* Project object */ = {
			isa = PBXProject;
			attributes = {
				LastUpgradeCheck = 1220;
				TargetAttributes = {
					787411C626B1054F00E14ED7 = {
						CreatedOnToolsVersion = 12.2;
					};
				};
			};
			buildConfigurationList = 787411C226B1054F00E14ED7 /* Build configuration list for PBXProject "KVODemo" */;
			compatibilityVersion = "Xcode 9.3";
			developmentRegion = en;
			hasScannedForEncodings = 0;
			knownRegions = (
				en,
				Base,
			);
			mainGroup = 787411BE26B1054F00E14ED7;
			productRefGroup = 787411C826B1054F00E14ED7 /* Products */;
			projectDirPath = "";
			projectRoot = "";
			targets = (
				787411C626B1054F00E14ED7 /* KVODemo */,
			);
		};
/* End PBXProject section */

/* Begin PBXResourcesBuildPhase section */
		787411C526B1054F00E14ED7 /* Resources */ = {
			isa = PBXResourcesBuildPhase;
			buildActionMask = 2147483647;
			files = (
				787411DA26B1055000E14ED7 /* LaunchScreen.storyboard in Resources */,
				787411D726B1055000E14ED7 /* Assets.xcassets in Resources */,
				787411D526B1055000E14ED7 /* Main.storyboard in Resources */,
			);
			runOnlyForDeploymentPostprocessing = 0;
		};
/* End PBXResourcesBuildPhase section */

/* Begin PBXSourcesBuildPhase section */
		787411C326B1054F00E14ED7 /* Sources */ = {
			isa = PBXSourcesBuildPhase;
			buildActionMask = 2147483647;
			files = (
				787411D226B1054F00E14ED7 /* ViewController.m in Sources */,
				780C1BC626B29A6C00EF429B /* NSObject+demoKVO.m in Sources */,
				787411E626B1056900E14ED7 /* NSObject+ijfKVO.m in Sources */,
				787411F226B1064700E14ED7 /* Person.m in Sources */,
				780C1BC226B29A5E00EF429B /* DemoViewController.m in Sources */,
				787411CC26B1054F00E14ED7 /* AppDelegate.m in Sources */,
				787411F626B1096100E14ED7 /* PersonManager.m in Sources */,
				787411DD26B1055000E14ED7 /* main.m in Sources */,
				787411CF26B1054F00E14ED7 /* SceneDelegate.m in Sources */,
				787411EA26B1058D00E14ED7 /* SysKVOViewController.m in Sources */,
				787411EE26B1059500E14ED7 /* CustomKVOViewController.m in Sources */,
			);
			runOnlyForDeploymentPostprocessing = 0;
		};
/* End PBXSourcesBuildPhase section */

/* Begin PBXVariantGroup section */
		787411D326B1055000E14ED7 /* Main.storyboard */ = {
			isa = PBXVariantGroup;
			children = (
				787411D426B1055000E14ED7 /* Base */,
			);
			name = Main.storyboard;
			sourceTree = "<group>";
		};
		787411D826B1055000E14ED7 /* LaunchScreen.storyboard */ = {
			isa = PBXVariantGroup;
			children = (
				787411D926B1055000E14ED7 /* Base */,
			);
			name = LaunchScreen.storyboard;
			sourceTree = "<group>";
		};
/* End PBXVariantGroup section */

/* Begin XCBuildConfiguration section */
		787411DE26B1055000E14ED7 /* Debug */ = {
			isa = XCBuildConfiguration;
			buildSettings = {
				ALWAYS_SEARCH_USER_PATHS = NO;
				CLANG_ANALYZER_NONNULL = YES;
				CLANG_ANALYZER_NUMBER_OBJECT_CONVERSION = YES_AGGRESSIVE;
				CLANG_CXX_LANGUAGE_STANDARD = "gnu++14";
				CLANG_CXX_LIBRARY = "libc++";
				CLANG_ENABLE_MODULES = YES;
				CLANG_ENABLE_OBJC_ARC = YES;
				CLANG_ENABLE_OBJC_WEAK = YES;
				CLANG_WARN_BLOCK_CAPTURE_AUTORELEASING = YES;
				CLANG_WARN_BOOL_CONVERSION = YES;
				CLANG_WARN_COMMA = YES;
				CLANG_WARN_CONSTANT_CONVERSION = YES;
				CLANG_WARN_DEPRECATED_OBJC_IMPLEMENTATIONS = YES;
				CLANG_WARN_DIRECT_OBJC_ISA_USAGE = YES_ERROR;
				CLANG_WARN_DOCUMENTATION_COMMENTS = YES;
				CLANG_WARN_EMPTY_BODY = YES;
				CLANG_WARN_ENUM_CONVERSION = YES;
				CLANG_WARN_INFINITE_RECURSION = YES;
				CLANG_WARN_INT_CONVERSION = YES;
				CLANG_WARN_NON_LITERAL_NULL_CONVERSION = YES;
				CLANG_WARN_OBJC_IMPLICIT_RETAIN_SELF = YES;
				CLANG_WARN_OBJC_LITERAL_CONVERSION = YES;
				CLANG_WARN_OBJC_ROOT_CLASS = YES_ERROR;
				CLANG_WARN_QUOTED_INCLUDE_IN_FRAMEWORK_HEADER = YES;
				CLANG_WARN_RANGE_LOOP_ANALYSIS = YES;
				CLANG_WARN_STRICT_PROTOTYPES = YES;
				CLANG_WARN_SUSPICIOUS_MOVE = YES;
				CLANG_WARN_UNGUARDED_AVAILABILITY = YES_AGGRESSIVE;
				CLANG_WARN_UNREACHABLE_CODE = YES;
				CLANG_WARN__DUPLICATE_METHOD_MATCH = YES;
				COPY_PHASE_STRIP = NO;
				DEBUG_INFORMATION_FORMAT = dwarf;
				ENABLE_STRICT_OBJC_MSGSEND = YES;
				ENABLE_TESTABILITY = YES;
				GCC_C_LANGUAGE_STANDARD = gnu11;
				GCC_DYNAMIC_NO_PIC = NO;
				GCC_NO_COMMON_BLOCKS = YES;
				GCC_OPTIMIZATION_LEVEL = 0;
				GCC_PREPROCESSOR_DEFINITIONS = (
					"DEBUG=1",
					"$(inherited)",
				);
				GCC_WARN_64_TO_32_BIT_CONVERSION = YES;
				GCC_WARN_ABOUT_RETURN_TYPE = YES_ERROR;
				GCC_WARN_UNDECLARED_SELECTOR = YES;
				GCC_WARN_UNINITIALIZED_AUTOS = YES_AGGRESSIVE;
				GCC_WARN_UNUSED_FUNCTION = YES;
				GCC_WARN_UNUSED_VARIABLE = YES;
				IPHONEOS_DEPLOYMENT_TARGET = 14.2;
				MTL_ENABLE_DEBUG_INFO = INCLUDE_SOURCE;
				MTL_FAST_MATH = YES;
				ONLY_ACTIVE_ARCH = YES;
				SDKROOT = iphoneos;
			};
			name = Debug;
		};
		787411DF26B1055000E14ED7 /* Release */ = {
			isa = XCBuildConfiguration;
			buildSettings = {
				ALWAYS_SEARCH_USER_PATHS = NO;
				CLANG_ANALYZER_NONNULL = YES;
				CLANG_ANALYZER_NUMBER_OBJECT_CONVERSION = YES_AGGRESSIVE;
				CLANG_CXX_LANGUAGE_STANDARD = "gnu++14";
				CLANG_CXX_LIBRARY = "libc++";
				CLANG_ENABLE_MODULES = YES;
				CLANG_ENABLE_OBJC_ARC = YES;
				CLANG_ENABLE_OBJC_WEAK = YES;
				CLANG_WARN_BLOCK_CAPTURE_AUTORELEASING = YES;
				CLANG_WARN_BOOL_CONVERSION = YES;
				CLANG_WARN_COMMA = YES;
				CLANG_WARN_CONSTANT_CONVERSION = YES;
				CLANG_WARN_DEPRECATED_OBJC_IMPLEMENTATIONS = YES;
				CLANG_WARN_DIRECT_OBJC_ISA_USAGE = YES_ERROR;
				CLANG_WARN_DOCUMENTATION_COMMENTS = YES;
				CLANG_WARN_EMPTY_BODY = YES;
				CLANG_WARN_ENUM_CONVERSION = YES;
				CLANG_WARN_INFINITE_RECURSION = YES;
				CLANG_WARN_INT_CONVERSION = YES;
				CLANG_WARN_NON_LITERAL_NULL_CONVERSION = YES;
				CLANG_WARN_OBJC_IMPLICIT_RETAIN_SELF = YES;
				CLANG_WARN_OBJC_LITERAL_CONVERSION = YES;
				CLANG_WARN_OBJC_ROOT_CLASS = YES_ERROR;
				CLANG_WARN_QUOTED_INCLUDE_IN_FRAMEWORK_HEADER = YES;
				CLANG_WARN_RANGE_LOOP_ANALYSIS = YES;
				CLANG_WARN_STRICT_PROTOTYPES = YES;
				CLANG_WARN_SUSPICIOUS_MOVE = YES;
				CLANG_WARN_UNGUARDED_AVAILABILITY = YES_AGGRESSIVE;
				CLANG_WARN_UNREACHABLE_CODE = YES;
				CLANG_WARN__DUPLICATE_METHOD_MATCH = YES;
				COPY_PHASE_STRIP = NO;
				DEBUG_INFORMATION_FORMAT = "dwarf-with-dsym";
				ENABLE_NS_ASSERTIONS = NO;
				ENABLE_STRICT_OBJC_MSGSEND = YES;
				GCC_C_LANGUAGE_STANDARD = gnu11;
				GCC_NO_COMMON_BLOCKS = YES;
				GCC_WARN_64_TO_32_BIT_CONVERSION = YES;
				GCC_WARN_ABOUT_RETURN_TYPE = YES_ERROR;
				GCC_WARN_UNDECLARED_SELECTOR = YES;
				GCC_WARN_UNINITIALIZED_AUTOS = YES_AGGRESSIVE;
				GCC_WARN_UNUSED_FUNCTION = YES;
				GCC_WARN_UNUSED_VARIABLE = YES;
				IPHONEOS_DEPLOYMENT_TARGET = 14.2;
				MTL_ENABLE_DEBUG_INFO = NO;
				MTL_FAST_MATH = YES;
				SDKROOT = iphoneos;
				VALIDATE_PRODUCT = YES;
			};
			name = Release;
		};
		787411E126B1055000E14ED7 /* Debug */ = {
			isa = XCBuildConfiguration;
			buildSettings = {
				ASSETCATALOG_COMPILER_APPICON_NAME = AppIcon;
				ASSETCATALOG_COMPILER_GLOBAL_ACCENT_COLOR_NAME = AccentColor;
				CODE_SIGN_STYLE = Automatic;
				INFOPLIST_FILE = KVODemo/Info.plist;
				LD_RUNPATH_SEARCH_PATHS = (
					"$(inherited)",
					"@executable_path/Frameworks",
				);
				PRODUCT_BUNDLE_IDENTIFIER = jinfeng.KVODemo;
				PRODUCT_NAME = "$(TARGET_NAME)";
				TARGETED_DEVICE_FAMILY = "1,2";
			};
			name = Debug;
		};
		787411E226B1055000E14ED7 /* Release */ = {
			isa = XCBuildConfiguration;
			buildSettings = {
				ASSETCATALOG_COMPILER_APPICON_NAME = AppIcon;
				ASSETCATALOG_COMPILER_GLOBAL_ACCENT_COLOR_NAME = AccentColor;
				CODE_SIGN_STYLE = Automatic;
				INFOPLIST_FILE = KVODemo/Info.plist;
				LD_RUNPATH_SEARCH_PATHS = (
					"$(inherited)",
					"@executable_path/Frameworks",
				);
				PRODUCT_BUNDLE_IDENTIFIER = jinfeng.KVODemo;
				PRODUCT_NAME = "$(TARGET_NAME)";
				TARGETED_DEVICE_FAMILY = "1,2";
			};
			name = Release;
		};
/* End XCBuildConfiguration section */

/* Begin XCConfigurationList section */
		787411C226B1054F00E14ED7 /* Build configuration list for PBXProject "KVODemo" */ = {
			isa = XCConfigurationList;
			buildConfigurations = (
				787411DE26B1055000E14ED7 /* Debug */,
				787411DF26B1055000E14ED7 /* Release */,
			);
			defaultConfigurationIsVisible = 0;
			defaultConfigurationName = Release;
		};
		787411E026B1055000E14ED7 /* Build configuration list for PBXNativeTarget "KVODemo" */ = {
			isa = XCConfigurationList;
			buildConfigurations = (
				787411E126B1055000E14ED7 /* Debug */,
				787411E226B1055000E14ED7 /* Release */,
			);
			defaultConfigurationIsVisible = 0;
			defaultConfigurationName = Release;
		};
/* End XCConfigurationList section */
	};
	rootObject = 787411BF26B1054F00E14ED7 /* Project object */;
}
